
Microsoft Visual Studio Solution File, Format Version 12.00
# Visual Studio Version 17
VisualStudioVersion = 17.2.32616.157
MinimumVisualStudioVersion = 10.0.40219.1
Project("{9A19103F-16F7-4668-BE54-9A1E7A4F7556}") = "ConsoleApp1", "ConsoleApp1\ConsoleApp1.csproj", "{744CCF5A-2315-4945-AA69-46863AA47043}"
EndProject
Project("{9A19103F-16F7-4668-BE54-9A1E7A4F7556}") = "ConsoleApp2", "ConsoleApp2\ConsoleApp2.csproj", "{70AC95B7-40B9-414F-86F5-9F304BDA08CD}"
EndProject
Project("{2150E333-8FDC-42A3-9474-1A3956D46DE8}") = "CS_Collection_Framework", "CS_Collection_Framework", "{7924B0A5-CA6B-440A-A0FB-7C7A84D8C8E3}"
EndProject
Project("{9A19103F-16F7-4668-BE54-9A1E7A4F7556}") = "ConsoleApp3", "ConsoleApp3\ConsoleApp3.csproj", "{AFAE8485-D806-4ACA-9D96-B71F2B08E0B7}"
EndProject
Project("{9A19103F-16F7-4668-BE54-9A1E7A4F7556}") = "ConsoleApp4", "ConsoleApp4\ConsoleApp4.csproj", "{1B84BC5F-CF8D-4B7D-9D9A-E5F72FAC5A52}"
EndProject
Project("{9A19103F-16F7-4668-BE54-9A1E7A4F7556}") = "ConsoleApp5", "ConsoleApp5\ConsoleApp5.csproj", "{A5C1D457-05E9-46CA-9E87-F256582DB310}"
EndProject
Project("{9A19103F-16F7-4668-BE54-9A1E7A4F7556}") = "ConsoleApp7", "ConsoleApp7\ConsoleApp7.csproj", "{C4A0E605-1BF1-4596-BDA9-648C95D71518}"
EndProject
Project("{9A19103F-16F7-4668-BE54-9A1E7A4F7556}") = "ConsoleApp8", "ConsoleApp8\ConsoleApp8.csproj", "{ECF6FA70-2E15-4757-989B-50C872E7AA39}"
EndProject
Project("{9A19103F-16F7-4668-BE54-9A1E7A4F7556}") = "CS_OPPS", "CS_OPPS\CS_OPPS.csproj", "{C870368C-85A2-4CC1-9959-7C4700DC895B}"
EndProject
Project("{9A19103F-16F7-4668-BE54-9A1E7A4F7556}") = "Staff", "Staff\Staff.csproj", "{B9DA3CE4-57B8-4CC0-B6D9-9ECC9BC7E1DB}"
EndProject
Project("{9A19103F-16F7-4668-BE54-9A1E7A4F7556}") = "CS_Inheritence", "CS_Inheritence\CS_Inheritence.csproj", "{EFCF7AFB-18DB-40EC-8F77-5663850E89C2}"
EndProject
Project("{9A19103F-16F7-4668-BE54-9A1E7A4F7556}") = "QNA", "QNA\QNA.csproj", "{DA3863DB-23AD-43B1-BBE9-D68ACA272F2B}"
EndProject
Project("{9A19103F-16F7-4668-BE54-9A1E7A4F7556}") = "CS_Search", "CS_Search\CS_Search.csproj", "{52E080F0-FED7-44CE-A02C-C6B26C12491E}"
EndProject
Project("{9A19103F-16F7-4668-BE54-9A1E7A4F7556}") = "Spot_QNA", "Spot_QNA\Spot_QNA.csproj", "{3CBA57A7-7B44-4C42-8AD7-DAC55ABF3556}"
EndProject
Project("{9A19103F-16F7-4668-BE54-9A1E7A4F7556}") = "String_Extension", "String_Extension\String_Extension.csproj", "{A1DECEC3-13A1-46A5-B378-F50A07C62A81}"
EndProject
Project("{9A19103F-16F7-4668-BE54-9A1E7A4F7556}") = "CS_Interface", "CS_Interface\CS_Interface.csproj", "{3A6DB80E-FD4B-4ED8-9534-3CEC5030A722}"
EndProject
Project("{9A19103F-16F7-4668-BE54-9A1E7A4F7556}") = "CS_Events", "CS_Events\CS_Events.csproj", "{85E7A3DC-F1A3-47D6-A459-6AA0A0FBFEC0}"
EndProject
Project("{9A19103F-16F7-4668-BE54-9A1E7A4F7556}") = "CS_Linq", "CS_Linq\CS_Linq.csproj", "{55204379-CF5B-45C0-9F67-0875C0601CBA}"
EndProject
Project("{9A19103F-16F7-4668-BE54-9A1E7A4F7556}") = "CS_Serialization", "CS_Serialization\CS_Serialization.csproj", "{8DCDECD1-6238-43F7-9321-9A5CD8EA2BA3}"
EndProject
Project("{9A19103F-16F7-4668-BE54-9A1E7A4F7556}") = "CS_FirstFile", "CS_FirstFile\CS_FirstFile.csproj", "{90ED1B1F-52F6-4765-B884-7BCDA53C1A7D}"
EndProject
Project("{9A19103F-16F7-4668-BE54-9A1E7A4F7556}") = "CS_FileOperations", "CS_FileOperations\CS_FileOperations.csproj", "{13CF8E6D-9CC2-49BC-874D-636371ED913B}"
EndProject
Project("{9A19103F-16F7-4668-BE54-9A1E7A4F7556}") = "CS_Stream", "CS_Stream\CS_Stream.csproj", "{AED53BEC-D5AA-483D-A003-C399F7E01C75}"
EndProject
Project("{9A19103F-16F7-4668-BE54-9A1E7A4F7556}") = "CS_Assignment", "CS_Assignment\CS_Assignment.csproj", "{E4A759F9-72B2-451C-9CB7-5D9919D3AB59}"
EndProject
Project("{9A19103F-16F7-4668-BE54-9A1E7A4F7556}") = "CS_Diff", "CS_Diff\CS_Diff.csproj", "{713D7EAF-F386-4864-A0A3-11F3E2FD5115}"
EndProject
Project("{9A19103F-16F7-4668-BE54-9A1E7A4F7556}") = "ConsoleApp9", "ConsoleApp9\ConsoleApp9.csproj", "{E4D14FAC-A158-4DFA-B8FF-3B61B99E8249}"
EndProject
Project("{9A19103F-16F7-4668-BE54-9A1E7A4F7556}") = "Linq_Practice", "Linq_Practice\Linq_Practice.csproj", "{A7086717-03F6-4192-82C7-8B247A8904E8}"
EndProject
Project("{9A19103F-16F7-4668-BE54-9A1E7A4F7556}") = "Delegate_Practice", "Delegate_Practice\Delegate_Practice.csproj", "{3C17F139-91FD-47E3-9EB9-C18605A5A30B}"
EndProject
Project("{9A19103F-16F7-4668-BE54-9A1E7A4F7556}") = "CS_Simple_Interface", "CS_Simple_Interface\CS_Simple_Interface.csproj", "{4ED822E9-85F5-49C2-83F7-CE61C4E8633B}"
EndProject
Project("{9A19103F-16F7-4668-BE54-9A1E7A4F7556}") = "Abstract_Practice", "Abstract_Practice\Abstract_Practice.csproj", "{E3A8FDB7-53D7-4FFB-B0BB-5146CC72785B}"
EndProject
Project("{9A19103F-16F7-4668-BE54-9A1E7A4F7556}") = "File_Practice", "File_Practice\File_Practice.csproj", "{9819A7AF-7330-4F06-A01C-25CEF26650BB}"
EndProject
Project("{9A19103F-16F7-4668-BE54-9A1E7A4F7556}") = "Interface_Practice", "Interface_Practice\Interface_Practice.csproj", "{C5E0843F-3E9A-4A2C-ABB6-B22AC200E1CD}"
EndProject
Project("{9A19103F-16F7-4668-BE54-9A1E7A4F7556}") = "Practice", "Practice\Practice.csproj", "{BCE74B99-3AAE-4797-A51D-A251153C14D0}"
EndProject
Project("{9A19103F-16F7-4668-BE54-9A1E7A4F7556}") = "Practice1", "Practice1\Practice1.csproj", "{6F650802-9FBC-4EFC-BAE4-F8E96758C45F}"
EndProject
Project("{9A19103F-16F7-4668-BE54-9A1E7A4F7556}") = "CS_CSV", "CS_CSV\CS_CSV.csproj", "{6D5DDA20-A135-43E5-9BA3-A9B5418168C6}"
EndProject
Project("{9A19103F-16F7-4668-BE54-9A1E7A4F7556}") = "CS_Paint", "CS_Paint\CS_Paint.csproj", "{2CD02D6F-4F06-4814-8CE2-30E0F2EEC2F7}"
EndProject
Project("{9A19103F-16F7-4668-BE54-9A1E7A4F7556}") = "CS_MemoryStream", "CS_MemoryStream\CS_MemoryStream.csproj", "{13774AB7-18AC-4083-9EAB-8372097462A4}"
EndProject
Project("{9A19103F-16F7-4668-BE54-9A1E7A4F7556}") = "CS_NewAssignment", "CS_NewAssignment\CS_NewAssignment.csproj", "{F80D3CDE-EF3B-42F8-A37E-C15CBF1F0711}"
EndProject
Project("{9A19103F-16F7-4668-BE54-9A1E7A4F7556}") = "CS_New1", "CS_New1\CS_New1.csproj", "{68980C95-20C1-4A9D-B3C5-50AA73AED53C}"
EndProject
Project("{9A19103F-16F7-4668-BE54-9A1E7A4F7556}") = "CS_New", "CS_New\CS_New.csproj", "{F1371C84-11F6-4FF2-987F-3837357C2A14}"
EndProject
Project("{9A19103F-16F7-4668-BE54-9A1E7A4F7556}") = "CS_CSV_New", "CS_CSV_New\CS_CSV_New.csproj", "{9728B2C7-E700-425A-81D7-49BE284C3883}"
EndProject
Project("{9A19103F-16F7-4668-BE54-9A1E7A4F7556}") = "Random", "Random\Random.csproj", "{94ADDB8A-9EEB-4D32-AC3D-5DF6E6CED9B6}"
EndProject
Project("{9A19103F-16F7-4668-BE54-9A1E7A4F7556}") = "CS_Partial", "CS_Partial\CS_Partial.csproj", "{8FC809EB-830E-4253-AC86-F35BD17BFFAB}"
EndProject
Project("{9A19103F-16F7-4668-BE54-9A1E7A4F7556}") = "Assignment_26_Sept", "Assignment_26_Sept\Assignment_26_Sept.csproj", "{EDC0E7A4-AB0A-47A6-8FAC-06A742A6C51C}"
EndProject
Project("{9A19103F-16F7-4668-BE54-9A1E7A4F7556}") = "Thread_Practice", "Thread_Practice\Thread_Practice.csproj", "{6A52247C-069E-4132-AF6A-AA146BFB4B73}"
EndProject
Project("{9A19103F-16F7-4668-BE54-9A1E7A4F7556}") = "CS_Parallel", "CS_Parallel\CS_Parallel.csproj", "{B27EA07A-E755-4280-9C16-A43136B00BA1}"
EndProject
Project("{9A19103F-16F7-4668-BE54-9A1E7A4F7556}") = "Assignment_27_09", "Assignment_27_09\Assignment_27_09.csproj", "{DFA93226-B138-45D8-81EA-55DC02F815B3}"
EndProject
Project("{9A19103F-16F7-4668-BE54-9A1E7A4F7556}") = "Thread_return", "Thread_return\Thread_return.csproj", "{C5A8A137-BE09-4A8D-9681-39961947811D}"
EndProject
Project("{9A19103F-16F7-4668-BE54-9A1E7A4F7556}") = "Parallel_for", "Parallel_for\Parallel_for.csproj", "{E37F5E9B-D355-4681-BDF1-BBFA54E8119E}"
EndProject
Project("{9A19103F-16F7-4668-BE54-9A1E7A4F7556}") = "Assignment_28_Sept", "Assignment_28_Sept\Assignment_28_Sept.csproj", "{F3BB3505-C92D-40D4-BFB6-1D7E55C47C8F}"
EndProject
Project("{9A19103F-16F7-4668-BE54-9A1E7A4F7556}") = "Task_Assignment", "Task_Assignment\Task_Assignment.csproj", "{EC2ED8CE-E9F8-4CEF-853A-FEF0486C6499}"
EndProject
Project("{9A19103F-16F7-4668-BE54-9A1E7A4F7556}") = "Task_new", "Task_new\Task_new.csproj", "{E9EE9992-3EDC-4028-9C73-2FA7F13CBBAA}"
EndProject
Project("{FAE04EC0-301F-11D3-BF4B-00C04F79EFBC}") = "Assignment_29_09", "Assignment_29_09\Assignment_29_09.csproj", "{2549EEB5-F14F-4C2B-AAAF-6B06B2368F57}"
EndProject
Global
	GlobalSection(SolutionConfigurationPlatforms) = preSolution
		Debug|Any CPU = Debug|Any CPU
		Release|Any CPU = Release|Any CPU
	EndGlobalSection
	GlobalSection(ProjectConfigurationPlatforms) = postSolution
		{744CCF5A-2315-4945-AA69-46863AA47043}.Debug|Any CPU.ActiveCfg = Debug|Any CPU
		{744CCF5A-2315-4945-AA69-46863AA47043}.Debug|Any CPU.Build.0 = Debug|Any CPU
		{744CCF5A-2315-4945-AA69-46863AA47043}.Release|Any CPU.ActiveCfg = Release|Any CPU
		{744CCF5A-2315-4945-AA69-46863AA47043}.Release|Any CPU.Build.0 = Release|Any CPU
		{70AC95B7-40B9-414F-86F5-9F304BDA08CD}.Debug|Any CPU.ActiveCfg = Debug|Any CPU
		{70AC95B7-40B9-414F-86F5-9F304BDA08CD}.Debug|Any CPU.Build.0 = Debug|Any CPU
		{70AC95B7-40B9-414F-86F5-9F304BDA08CD}.Release|Any CPU.ActiveCfg = Release|Any CPU
		{70AC95B7-40B9-414F-86F5-9F304BDA08CD}.Release|Any CPU.Build.0 = Release|Any CPU
		{AFAE8485-D806-4ACA-9D96-B71F2B08E0B7}.Debug|Any CPU.ActiveCfg = Debug|Any CPU
		{AFAE8485-D806-4ACA-9D96-B71F2B08E0B7}.Debug|Any CPU.Build.0 = Debug|Any CPU
		{AFAE8485-D806-4ACA-9D96-B71F2B08E0B7}.Release|Any CPU.ActiveCfg = Release|Any CPU
		{AFAE8485-D806-4ACA-9D96-B71F2B08E0B7}.Release|Any CPU.Build.0 = Release|Any CPU
		{1B84BC5F-CF8D-4B7D-9D9A-E5F72FAC5A52}.Debug|Any CPU.ActiveCfg = Debug|Any CPU
		{1B84BC5F-CF8D-4B7D-9D9A-E5F72FAC5A52}.Debug|Any CPU.Build.0 = Debug|Any CPU
		{1B84BC5F-CF8D-4B7D-9D9A-E5F72FAC5A52}.Release|Any CPU.ActiveCfg = Release|Any CPU
		{1B84BC5F-CF8D-4B7D-9D9A-E5F72FAC5A52}.Release|Any CPU.Build.0 = Release|Any CPU
		{A5C1D457-05E9-46CA-9E87-F256582DB310}.Debug|Any CPU.ActiveCfg = Debug|Any CPU
		{A5C1D457-05E9-46CA-9E87-F256582DB310}.Debug|Any CPU.Build.0 = Debug|Any CPU
		{A5C1D457-05E9-46CA-9E87-F256582DB310}.Release|Any CPU.ActiveCfg = Release|Any CPU
		{A5C1D457-05E9-46CA-9E87-F256582DB310}.Release|Any CPU.Build.0 = Release|Any CPU
		{C4A0E605-1BF1-4596-BDA9-648C95D71518}.Debug|Any CPU.ActiveCfg = Debug|Any CPU
		{C4A0E605-1BF1-4596-BDA9-648C95D71518}.Debug|Any CPU.Build.0 = Debug|Any CPU
		{C4A0E605-1BF1-4596-BDA9-648C95D71518}.Release|Any CPU.ActiveCfg = Release|Any CPU
		{C4A0E605-1BF1-4596-BDA9-648C95D71518}.Release|Any CPU.Build.0 = Release|Any CPU
		{ECF6FA70-2E15-4757-989B-50C872E7AA39}.Debug|Any CPU.ActiveCfg = Debug|Any CPU
		{ECF6FA70-2E15-4757-989B-50C872E7AA39}.Debug|Any CPU.Build.0 = Debug|Any CPU
		{ECF6FA70-2E15-4757-989B-50C872E7AA39}.Release|Any CPU.ActiveCfg = Release|Any CPU
		{ECF6FA70-2E15-4757-989B-50C872E7AA39}.Release|Any CPU.Build.0 = Release|Any CPU
		{C870368C-85A2-4CC1-9959-7C4700DC895B}.Debug|Any CPU.ActiveCfg = Debug|Any CPU
		{C870368C-85A2-4CC1-9959-7C4700DC895B}.Debug|Any CPU.Build.0 = Debug|Any CPU
		{C870368C-85A2-4CC1-9959-7C4700DC895B}.Release|Any CPU.ActiveCfg = Release|Any CPU
		{C870368C-85A2-4CC1-9959-7C4700DC895B}.Release|Any CPU.Build.0 = Release|Any CPU
		{B9DA3CE4-57B8-4CC0-B6D9-9ECC9BC7E1DB}.Debug|Any CPU.ActiveCfg = Debug|Any CPU
		{B9DA3CE4-57B8-4CC0-B6D9-9ECC9BC7E1DB}.Debug|Any CPU.Build.0 = Debug|Any CPU
		{B9DA3CE4-57B8-4CC0-B6D9-9ECC9BC7E1DB}.Release|Any CPU.ActiveCfg = Release|Any CPU
		{B9DA3CE4-57B8-4CC0-B6D9-9ECC9BC7E1DB}.Release|Any CPU.Build.0 = Release|Any CPU
		{EFCF7AFB-18DB-40EC-8F77-5663850E89C2}.Debug|Any CPU.ActiveCfg = Debug|Any CPU
		{EFCF7AFB-18DB-40EC-8F77-5663850E89C2}.Debug|Any CPU.Build.0 = Debug|Any CPU
		{EFCF7AFB-18DB-40EC-8F77-5663850E89C2}.Release|Any CPU.ActiveCfg = Release|Any CPU
		{EFCF7AFB-18DB-40EC-8F77-5663850E89C2}.Release|Any CPU.Build.0 = Release|Any CPU
		{DA3863DB-23AD-43B1-BBE9-D68ACA272F2B}.Debug|Any CPU.ActiveCfg = Debug|Any CPU
		{DA3863DB-23AD-43B1-BBE9-D68ACA272F2B}.Debug|Any CPU.Build.0 = Debug|Any CPU
		{DA3863DB-23AD-43B1-BBE9-D68ACA272F2B}.Release|Any CPU.ActiveCfg = Release|Any CPU
		{DA3863DB-23AD-43B1-BBE9-D68ACA272F2B}.Release|Any CPU.Build.0 = Release|Any CPU
		{52E080F0-FED7-44CE-A02C-C6B26C12491E}.Debug|Any CPU.ActiveCfg = Debug|Any CPU
		{52E080F0-FED7-44CE-A02C-C6B26C12491E}.Debug|Any CPU.Build.0 = Debug|Any CPU
		{52E080F0-FED7-44CE-A02C-C6B26C12491E}.Release|Any CPU.ActiveCfg = Release|Any CPU
		{52E080F0-FED7-44CE-A02C-C6B26C12491E}.Release|Any CPU.Build.0 = Release|Any CPU
		{3CBA57A7-7B44-4C42-8AD7-DAC55ABF3556}.Debug|Any CPU.ActiveCfg = Debug|Any CPU
		{3CBA57A7-7B44-4C42-8AD7-DAC55ABF3556}.Debug|Any CPU.Build.0 = Debug|Any CPU
		{3CBA57A7-7B44-4C42-8AD7-DAC55ABF3556}.Release|Any CPU.ActiveCfg = Release|Any CPU
		{3CBA57A7-7B44-4C42-8AD7-DAC55ABF3556}.Release|Any CPU.Build.0 = Release|Any CPU
		{A1DECEC3-13A1-46A5-B378-F50A07C62A81}.Debug|Any CPU.ActiveCfg = Debug|Any CPU
		{A1DECEC3-13A1-46A5-B378-F50A07C62A81}.Debug|Any CPU.Build.0 = Debug|Any CPU
		{A1DECEC3-13A1-46A5-B378-F50A07C62A81}.Release|Any CPU.ActiveCfg = Release|Any CPU
		{A1DECEC3-13A1-46A5-B378-F50A07C62A81}.Release|Any CPU.Build.0 = Release|Any CPU
		{3A6DB80E-FD4B-4ED8-9534-3CEC5030A722}.Debug|Any CPU.ActiveCfg = Debug|Any CPU
		{3A6DB80E-FD4B-4ED8-9534-3CEC5030A722}.Debug|Any CPU.Build.0 = Debug|Any CPU
		{3A6DB80E-FD4B-4ED8-9534-3CEC5030A722}.Release|Any CPU.ActiveCfg = Release|Any CPU
		{3A6DB80E-FD4B-4ED8-9534-3CEC5030A722}.Release|Any CPU.Build.0 = Release|Any CPU
		{85E7A3DC-F1A3-47D6-A459-6AA0A0FBFEC0}.Debug|Any CPU.ActiveCfg = Debug|Any CPU
		{85E7A3DC-F1A3-47D6-A459-6AA0A0FBFEC0}.Debug|Any CPU.Build.0 = Debug|Any CPU
		{85E7A3DC-F1A3-47D6-A459-6AA0A0FBFEC0}.Release|Any CPU.ActiveCfg = Release|Any CPU
		{85E7A3DC-F1A3-47D6-A459-6AA0A0FBFEC0}.Release|Any CPU.Build.0 = Release|Any CPU
		{55204379-CF5B-45C0-9F67-0875C0601CBA}.Debug|Any CPU.ActiveCfg = Debug|Any CPU
		{55204379-CF5B-45C0-9F67-0875C0601CBA}.Debug|Any CPU.Build.0 = Debug|Any CPU
		{55204379-CF5B-45C0-9F67-0875C0601CBA}.Release|Any CPU.ActiveCfg = Release|Any CPU
		{55204379-CF5B-45C0-9F67-0875C0601CBA}.Release|Any CPU.Build.0 = Release|Any CPU
		{8DCDECD1-6238-43F7-9321-9A5CD8EA2BA3}.Debug|Any CPU.ActiveCfg = Debug|Any CPU
		{8DCDECD1-6238-43F7-9321-9A5CD8EA2BA3}.Debug|Any CPU.Build.0 = Debug|Any CPU
		{8DCDECD1-6238-43F7-9321-9A5CD8EA2BA3}.Release|Any CPU.ActiveCfg = Release|Any CPU
		{8DCDECD1-6238-43F7-9321-9A5CD8EA2BA3}.Release|Any CPU.Build.0 = Release|Any CPU
		{90ED1B1F-52F6-4765-B884-7BCDA53C1A7D}.Debug|Any CPU.ActiveCfg = Debug|Any CPU
		{90ED1B1F-52F6-4765-B884-7BCDA53C1A7D}.Debug|Any CPU.Build.0 = Debug|Any CPU
		{90ED1B1F-52F6-4765-B884-7BCDA53C1A7D}.Release|Any CPU.ActiveCfg = Release|Any CPU
		{90ED1B1F-52F6-4765-B884-7BCDA53C1A7D}.Release|Any CPU.Build.0 = Release|Any CPU
		{13CF8E6D-9CC2-49BC-874D-636371ED913B}.Debug|Any CPU.ActiveCfg = Debug|Any CPU
		{13CF8E6D-9CC2-49BC-874D-636371ED913B}.Debug|Any CPU.Build.0 = Debug|Any CPU
		{13CF8E6D-9CC2-49BC-874D-636371ED913B}.Release|Any CPU.ActiveCfg = Release|Any CPU
		{13CF8E6D-9CC2-49BC-874D-636371ED913B}.Release|Any CPU.Build.0 = Release|Any CPU
		{AED53BEC-D5AA-483D-A003-C399F7E01C75}.Debug|Any CPU.ActiveCfg = Debug|Any CPU
		{AED53BEC-D5AA-483D-A003-C399F7E01C75}.Debug|Any CPU.Build.0 = Debug|Any CPU
		{AED53BEC-D5AA-483D-A003-C399F7E01C75}.Release|Any CPU.ActiveCfg = Release|Any CPU
		{AED53BEC-D5AA-483D-A003-C399F7E01C75}.Release|Any CPU.Build.0 = Release|Any CPU
		{E4A759F9-72B2-451C-9CB7-5D9919D3AB59}.Debug|Any CPU.ActiveCfg = Debug|Any CPU
		{E4A759F9-72B2-451C-9CB7-5D9919D3AB59}.Debug|Any CPU.Build.0 = Debug|Any CPU
		{E4A759F9-72B2-451C-9CB7-5D9919D3AB59}.Release|Any CPU.ActiveCfg = Release|Any CPU
		{E4A759F9-72B2-451C-9CB7-5D9919D3AB59}.Release|Any CPU.Build.0 = Release|Any CPU
		{713D7EAF-F386-4864-A0A3-11F3E2FD5115}.Debug|Any CPU.ActiveCfg = Debug|Any CPU
		{713D7EAF-F386-4864-A0A3-11F3E2FD5115}.Debug|Any CPU.Build.0 = Debug|Any CPU
		{713D7EAF-F386-4864-A0A3-11F3E2FD5115}.Release|Any CPU.ActiveCfg = Release|Any CPU
		{713D7EAF-F386-4864-A0A3-11F3E2FD5115}.Release|Any CPU.Build.0 = Release|Any CPU
		{E4D14FAC-A158-4DFA-B8FF-3B61B99E8249}.Debug|Any CPU.ActiveCfg = Debug|Any CPU
		{E4D14FAC-A158-4DFA-B8FF-3B61B99E8249}.Debug|Any CPU.Build.0 = Debug|Any CPU
		{E4D14FAC-A158-4DFA-B8FF-3B61B99E8249}.Release|Any CPU.ActiveCfg = Release|Any CPU
		{E4D14FAC-A158-4DFA-B8FF-3B61B99E8249}.Release|Any CPU.Build.0 = Release|Any CPU
		{A7086717-03F6-4192-82C7-8B247A8904E8}.Debug|Any CPU.ActiveCfg = Debug|Any CPU
		{A7086717-03F6-4192-82C7-8B247A8904E8}.Debug|Any CPU.Build.0 = Debug|Any CPU
		{A7086717-03F6-4192-82C7-8B247A8904E8}.Release|Any CPU.ActiveCfg = Release|Any CPU
		{A7086717-03F6-4192-82C7-8B247A8904E8}.Release|Any CPU.Build.0 = Release|Any CPU
		{3C17F139-91FD-47E3-9EB9-C18605A5A30B}.Debug|Any CPU.ActiveCfg = Debug|Any CPU
		{3C17F139-91FD-47E3-9EB9-C18605A5A30B}.Debug|Any CPU.Build.0 = Debug|Any CPU
		{3C17F139-91FD-47E3-9EB9-C18605A5A30B}.Release|Any CPU.ActiveCfg = Release|Any CPU
		{3C17F139-91FD-47E3-9EB9-C18605A5A30B}.Release|Any CPU.Build.0 = Release|Any CPU
		{4ED822E9-85F5-49C2-83F7-CE61C4E8633B}.Debug|Any CPU.ActiveCfg = Debug|Any CPU
		{4ED822E9-85F5-49C2-83F7-CE61C4E8633B}.Debug|Any CPU.Build.0 = Debug|Any CPU
		{4ED822E9-85F5-49C2-83F7-CE61C4E8633B}.Release|Any CPU.ActiveCfg = Release|Any CPU
		{4ED822E9-85F5-49C2-83F7-CE61C4E8633B}.Release|Any CPU.Build.0 = Release|Any CPU
		{E3A8FDB7-53D7-4FFB-B0BB-5146CC72785B}.Debug|Any CPU.ActiveCfg = Debug|Any CPU
		{E3A8FDB7-53D7-4FFB-B0BB-5146CC72785B}.Debug|Any CPU.Build.0 = Debug|Any CPU
		{E3A8FDB7-53D7-4FFB-B0BB-5146CC72785B}.Release|Any CPU.ActiveCfg = Release|Any CPU
		{E3A8FDB7-53D7-4FFB-B0BB-5146CC72785B}.Release|Any CPU.Build.0 = Release|Any CPU
		{9819A7AF-7330-4F06-A01C-25CEF26650BB}.Debug|Any CPU.ActiveCfg = Debug|Any CPU
		{9819A7AF-7330-4F06-A01C-25CEF26650BB}.Debug|Any CPU.Build.0 = Debug|Any CPU
		{9819A7AF-7330-4F06-A01C-25CEF26650BB}.Release|Any CPU.ActiveCfg = Release|Any CPU
		{9819A7AF-7330-4F06-A01C-25CEF26650BB}.Release|Any CPU.Build.0 = Release|Any CPU
		{C5E0843F-3E9A-4A2C-ABB6-B22AC200E1CD}.Debug|Any CPU.ActiveCfg = Debug|Any CPU
		{C5E0843F-3E9A-4A2C-ABB6-B22AC200E1CD}.Debug|Any CPU.Build.0 = Debug|Any CPU
		{C5E0843F-3E9A-4A2C-ABB6-B22AC200E1CD}.Release|Any CPU.ActiveCfg = Release|Any CPU
		{C5E0843F-3E9A-4A2C-ABB6-B22AC200E1CD}.Release|Any CPU.Build.0 = Release|Any CPU
		{BCE74B99-3AAE-4797-A51D-A251153C14D0}.Debug|Any CPU.ActiveCfg = Debug|Any CPU
		{BCE74B99-3AAE-4797-A51D-A251153C14D0}.Debug|Any CPU.Build.0 = Debug|Any CPU
		{BCE74B99-3AAE-4797-A51D-A251153C14D0}.Release|Any CPU.ActiveCfg = Release|Any CPU
		{BCE74B99-3AAE-4797-A51D-A251153C14D0}.Release|Any CPU.Build.0 = Release|Any CPU
		{6F650802-9FBC-4EFC-BAE4-F8E96758C45F}.Debug|Any CPU.ActiveCfg = Debug|Any CPU
		{6F650802-9FBC-4EFC-BAE4-F8E96758C45F}.Debug|Any CPU.Build.0 = Debug|Any CPU
		{6F650802-9FBC-4EFC-BAE4-F8E96758C45F}.Release|Any CPU.ActiveCfg = Release|Any CPU
		{6F650802-9FBC-4EFC-BAE4-F8E96758C45F}.Release|Any CPU.Build.0 = Release|Any CPU
		{6D5DDA20-A135-43E5-9BA3-A9B5418168C6}.Debug|Any CPU.ActiveCfg = Debug|Any CPU
		{6D5DDA20-A135-43E5-9BA3-A9B5418168C6}.Debug|Any CPU.Build.0 = Debug|Any CPU
		{6D5DDA20-A135-43E5-9BA3-A9B5418168C6}.Release|Any CPU.ActiveCfg = Release|Any CPU
		{6D5DDA20-A135-43E5-9BA3-A9B5418168C6}.Release|Any CPU.Build.0 = Release|Any CPU
		{2CD02D6F-4F06-4814-8CE2-30E0F2EEC2F7}.Debug|Any CPU.ActiveCfg = Debug|Any CPU
		{2CD02D6F-4F06-4814-8CE2-30E0F2EEC2F7}.Debug|Any CPU.Build.0 = Debug|Any CPU
		{2CD02D6F-4F06-4814-8CE2-30E0F2EEC2F7}.Release|Any CPU.ActiveCfg = Release|Any CPU
		{2CD02D6F-4F06-4814-8CE2-30E0F2EEC2F7}.Release|Any CPU.Build.0 = Release|Any CPU
		{13774AB7-18AC-4083-9EAB-8372097462A4}.Debug|Any CPU.ActiveCfg = Debug|Any CPU
		{13774AB7-18AC-4083-9EAB-8372097462A4}.Debug|Any CPU.Build.0 = Debug|Any CPU
		{13774AB7-18AC-4083-9EAB-8372097462A4}.Release|Any CPU.ActiveCfg = Release|Any CPU
		{13774AB7-18AC-4083-9EAB-8372097462A4}.Release|Any CPU.Build.0 = Release|Any CPU
		{F80D3CDE-EF3B-42F8-A37E-C15CBF1F0711}.Debug|Any CPU.ActiveCfg = Debug|Any CPU
		{F80D3CDE-EF3B-42F8-A37E-C15CBF1F0711}.Debug|Any CPU.Build.0 = Debug|Any CPU
		{F80D3CDE-EF3B-42F8-A37E-C15CBF1F0711}.Release|Any CPU.ActiveCfg = Release|Any CPU
		{F80D3CDE-EF3B-42F8-A37E-C15CBF1F0711}.Release|Any CPU.Build.0 = Release|Any CPU
		{68980C95-20C1-4A9D-B3C5-50AA73AED53C}.Debug|Any CPU.ActiveCfg = Debug|Any CPU
		{68980C95-20C1-4A9D-B3C5-50AA73AED53C}.Debug|Any CPU.Build.0 = Debug|Any CPU
		{68980C95-20C1-4A9D-B3C5-50AA73AED53C}.Release|Any CPU.ActiveCfg = Release|Any CPU
		{68980C95-20C1-4A9D-B3C5-50AA73AED53C}.Release|Any CPU.Build.0 = Release|Any CPU
		{F1371C84-11F6-4FF2-987F-3837357C2A14}.Debug|Any CPU.ActiveCfg = Debug|Any CPU
		{F1371C84-11F6-4FF2-987F-3837357C2A14}.Debug|Any CPU.Build.0 = Debug|Any CPU
		{F1371C84-11F6-4FF2-987F-3837357C2A14}.Release|Any CPU.ActiveCfg = Release|Any CPU
		{F1371C84-11F6-4FF2-987F-3837357C2A14}.Release|Any CPU.Build.0 = Release|Any CPU
		{9728B2C7-E700-425A-81D7-49BE284C3883}.Debug|Any CPU.ActiveCfg = Debug|Any CPU
		{9728B2C7-E700-425A-81D7-49BE284C3883}.Debug|Any CPU.Build.0 = Debug|Any CPU
		{9728B2C7-E700-425A-81D7-49BE284C3883}.Release|Any CPU.ActiveCfg = Release|Any CPU
		{9728B2C7-E700-425A-81D7-49BE284C3883}.Release|Any CPU.Build.0 = Release|Any CPU
		{94ADDB8A-9EEB-4D32-AC3D-5DF6E6CED9B6}.Debug|Any CPU.ActiveCfg = Debug|Any CPU
		{94ADDB8A-9EEB-4D32-AC3D-5DF6E6CED9B6}.Debug|Any CPU.Build.0 = Debug|Any CPU
		{94ADDB8A-9EEB-4D32-AC3D-5DF6E6CED9B6}.Release|Any CPU.ActiveCfg = Release|Any CPU
		{94ADDB8A-9EEB-4D32-AC3D-5DF6E6CED9B6}.Release|Any CPU.Build.0 = Release|Any CPU
		{8FC809EB-830E-4253-AC86-F35BD17BFFAB}.Debug|Any CPU.ActiveCfg = Debug|Any CPU
		{8FC809EB-830E-4253-AC86-F35BD17BFFAB}.Debug|Any CPU.Build.0 = Debug|Any CPU
		{8FC809EB-830E-4253-AC86-F35BD17BFFAB}.Release|Any CPU.ActiveCfg = Release|Any CPU
		{8FC809EB-830E-4253-AC86-F35BD17BFFAB}.Release|Any CPU.Build.0 = Release|Any CPU
		{EDC0E7A4-AB0A-47A6-8FAC-06A742A6C51C}.Debug|Any CPU.ActiveCfg = Debug|Any CPU
		{EDC0E7A4-AB0A-47A6-8FAC-06A742A6C51C}.Debug|Any CPU.Build.0 = Debug|Any CPU
		{EDC0E7A4-AB0A-47A6-8FAC-06A742A6C51C}.Release|Any CPU.ActiveCfg = Release|Any CPU
		{EDC0E7A4-AB0A-47A6-8FAC-06A742A6C51C}.Release|Any CPU.Build.0 = Release|Any CPU
		{6A52247C-069E-4132-AF6A-AA146BFB4B73}.Debug|Any CPU.ActiveCfg = Debug|Any CPU
		{6A52247C-069E-4132-AF6A-AA146BFB4B73}.Debug|Any CPU.Build.0 = Debug|Any CPU
		{6A52247C-069E-4132-AF6A-AA146BFB4B73}.Release|Any CPU.ActiveCfg = Release|Any CPU
		{6A52247C-069E-4132-AF6A-AA146BFB4B73}.Release|Any CPU.Build.0 = Release|Any CPU
		{B27EA07A-E755-4280-9C16-A43136B00BA1}.Debug|Any CPU.ActiveCfg = Debug|Any CPU
		{B27EA07A-E755-4280-9C16-A43136B00BA1}.Debug|Any CPU.Build.0 = Debug|Any CPU
		{B27EA07A-E755-4280-9C16-A43136B00BA1}.Release|Any CPU.ActiveCfg = Release|Any CPU
		{B27EA07A-E755-4280-9C16-A43136B00BA1}.Release|Any CPU.Build.0 = Release|Any CPU
		{DFA93226-B138-45D8-81EA-55DC02F815B3}.Debug|Any CPU.ActiveCfg = Debug|Any CPU
		{DFA93226-B138-45D8-81EA-55DC02F815B3}.Debug|Any CPU.Build.0 = Debug|Any CPU
		{DFA93226-B138-45D8-81EA-55DC02F815B3}.Release|Any CPU.ActiveCfg = Release|Any CPU
		{DFA93226-B138-45D8-81EA-55DC02F815B3}.Release|Any CPU.Build.0 = Release|Any CPU
		{C5A8A137-BE09-4A8D-9681-39961947811D}.Debug|Any CPU.ActiveCfg = Debug|Any CPU
		{C5A8A137-BE09-4A8D-9681-39961947811D}.Debug|Any CPU.Build.0 = Debug|Any CPU
		{C5A8A137-BE09-4A8D-9681-39961947811D}.Release|Any CPU.ActiveCfg = Release|Any CPU
		{C5A8A137-BE09-4A8D-9681-39961947811D}.Release|Any CPU.Build.0 = Release|Any CPU
		{E37F5E9B-D355-4681-BDF1-BBFA54E8119E}.Debug|Any CPU.ActiveCfg = Debug|Any CPU
		{E37F5E9B-D355-4681-BDF1-BBFA54E8119E}.Debug|Any CPU.Build.0 = Debug|Any CPU
		{E37F5E9B-D355-4681-BDF1-BBFA54E8119E}.Release|Any CPU.ActiveCfg = Release|Any CPU
		{E37F5E9B-D355-4681-BDF1-BBFA54E8119E}.Release|Any CPU.Build.0 = Release|Any CPU
		{F3BB3505-C92D-40D4-BFB6-1D7E55C47C8F}.Debug|Any CPU.ActiveCfg = Debug|Any CPU
		{F3BB3505-C92D-40D4-BFB6-1D7E55C47C8F}.Debug|Any CPU.Build.0 = Debug|Any CPU
		{F3BB3505-C92D-40D4-BFB6-1D7E55C47C8F}.Release|Any CPU.ActiveCfg = Release|Any CPU
		{F3BB3505-C92D-40D4-BFB6-1D7E55C47C8F}.Release|Any CPU.Build.0 = Release|Any CPU
		{EC2ED8CE-E9F8-4CEF-853A-FEF0486C6499}.Debug|Any CPU.ActiveCfg = Debug|Any CPU
		{EC2ED8CE-E9F8-4CEF-853A-FEF0486C6499}.Debug|Any CPU.Build.0 = Debug|Any CPU
		{EC2ED8CE-E9F8-4CEF-853A-FEF0486C6499}.Release|Any CPU.ActiveCfg = Release|Any CPU
		{EC2ED8CE-E9F8-4CEF-853A-FEF0486C6499}.Release|Any CPU.Build.0 = Release|Any CPU
		{E9EE9992-3EDC-4028-9C73-2FA7F13CBBAA}.Debug|Any CPU.ActiveCfg = Debug|Any CPU
		{E9EE9992-3EDC-4028-9C73-2FA7F13CBBAA}.Debug|Any CPU.Build.0 = Debug|Any CPU
		{E9EE9992-3EDC-4028-9C73-2FA7F13CBBAA}.Release|Any CPU.ActiveCfg = Release|Any CPU
		{E9EE9992-3EDC-4028-9C73-2FA7F13CBBAA}.Release|Any CPU.Build.0 = Release|Any CPU
		{2549EEB5-F14F-4C2B-AAAF-6B06B2368F57}.Debug|Any CPU.ActiveCfg = Debug|Any CPU
		{2549EEB5-F14F-4C2B-AAAF-6B06B2368F57}.Debug|Any CPU.Build.0 = Debug|Any CPU
		{2549EEB5-F14F-4C2B-AAAF-6B06B2368F57}.Release|Any CPU.ActiveCfg = Release|Any CPU
		{2549EEB5-F14F-4C2B-AAAF-6B06B2368F57}.Release|Any CPU.Build.0 = Release|Any CPU
	EndGlobalSection
	GlobalSection(SolutionProperties) = preSolution
		HideSolutionNode = FALSE
	EndGlobalSection
	GlobalSection(NestedProjects) = preSolution
		{AFAE8485-D806-4ACA-9D96-B71F2B08E0B7} = {7924B0A5-CA6B-440A-A0FB-7C7A84D8C8E3}
		{B9DA3CE4-57B8-4CC0-B6D9-9ECC9BC7E1DB} = {7924B0A5-CA6B-440A-A0FB-7C7A84D8C8E3}
		{DA3863DB-23AD-43B1-BBE9-D68ACA272F2B} = {7924B0A5-CA6B-440A-A0FB-7C7A84D8C8E3}
	EndGlobalSection
	GlobalSection(ExtensibilityGlobals) = postSolution
		SolutionGuid = {4AD946A7-9915-4FFA-A76D-A4F7D03B43FE}
	EndGlobalSection
EndGlobal
