
Microsoft Visual Studio Solution File, Format Version 12.00
# Visual Studio Version 17
VisualStudioVersion = 17.2.32616.157
MinimumVisualStudioVersion = 10.0.40219.1
Project("{9A19103F-16F7-4668-BE54-9A1E7A4F7556}") = "ConsoleApp1", "ConsoleApp1\ConsoleApp1.csproj", "{744CCF5A-2315-4945-AA69-46863AA47043}"
EndProject
Project("{9A19103F-16F7-4668-BE54-9A1E7A4F7556}") = "ConsoleApp2", "ConsoleApp2\ConsoleApp2.csproj", "{70AC95B7-40B9-414F-86F5-9F304BDA08CD}"
EndProject
Project("{2150E333-8FDC-42A3-9474-1A3956D46DE8}") = "CS_Collection_Framework", "CS_Collection_Framework", "{7924B0A5-CA6B-440A-A0FB-7C7A84D8C8E3}"
EndProject
Project("{9A19103F-16F7-4668-BE54-9A1E7A4F7556}") = "ConsoleApp3", "ConsoleApp3\ConsoleApp3.csproj", "{AFAE8485-D806-4ACA-9D96-B71F2B08E0B7}"
EndProject
Project("{9A19103F-16F7-4668-BE54-9A1E7A4F7556}") = "ConsoleApp4", "ConsoleApp4\ConsoleApp4.csproj", "{1B84BC5F-CF8D-4B7D-9D9A-E5F72FAC5A52}"
EndProject
Project("{9A19103F-16F7-4668-BE54-9A1E7A4F7556}") = "ConsoleApp5", "ConsoleApp5\ConsoleApp5.csproj", "{A5C1D457-05E9-46CA-9E87-F256582DB310}"
EndProject
Project("{9A19103F-16F7-4668-BE54-9A1E7A4F7556}") = "ConsoleApp7", "ConsoleApp7\ConsoleApp7.csproj", "{C4A0E605-1BF1-4596-BDA9-648C95D71518}"
EndProject
Project("{9A19103F-16F7-4668-BE54-9A1E7A4F7556}") = "ConsoleApp8", "ConsoleApp8\ConsoleApp8.csproj", "{ECF6FA70-2E15-4757-989B-50C872E7AA39}"
EndProject
Project("{9A19103F-16F7-4668-BE54-9A1E7A4F7556}") = "CS_OPPS", "CS_OPPS\CS_OPPS.csproj", "{C870368C-85A2-4CC1-9959-7C4700DC895B}"
EndProject
Project("{9A19103F-16F7-4668-BE54-9A1E7A4F7556}") = "Staff", "Staff\Staff.csproj", "{B9DA3CE4-57B8-4CC0-B6D9-9ECC9BC7E1DB}"
EndProject
Project("{9A19103F-16F7-4668-BE54-9A1E7A4F7556}") = "CS_Inheritence", "CS_Inheritence\CS_Inheritence.csproj", "{EFCF7AFB-18DB-40EC-8F77-5663850E89C2}"
EndProject
Project("{9A19103F-16F7-4668-BE54-9A1E7A4F7556}") = "QNA", "QNA\QNA.csproj", "{DA3863DB-23AD-43B1-BBE9-D68ACA272F2B}"
EndProject
Project("{9A19103F-16F7-4668-BE54-9A1E7A4F7556}") = "CS_Search", "CS_Search\CS_Search.csproj", "{52E080F0-FED7-44CE-A02C-C6B26C12491E}"
EndProject
Project("{9A19103F-16F7-4668-BE54-9A1E7A4F7556}") = "Spot_QNA", "Spot_QNA\Spot_QNA.csproj", "{3CBA57A7-7B44-4C42-8AD7-DAC55ABF3556}"
EndProject
Project("{9A19103F-16F7-4668-BE54-9A1E7A4F7556}") = "String_Extension", "String_Extension\String_Extension.csproj", "{A1DECEC3-13A1-46A5-B378-F50A07C62A81}"
EndProject
Project("{9A19103F-16F7-4668-BE54-9A1E7A4F7556}") = "CS_Interface", "CS_Interface\CS_Interface.csproj", "{3A6DB80E-FD4B-4ED8-9534-3CEC5030A722}"
EndProject
Project("{9A19103F-16F7-4668-BE54-9A1E7A4F7556}") = "CS_Events", "CS_Events\CS_Events.csproj", "{85E7A3DC-F1A3-47D6-A459-6AA0A0FBFEC0}"
EndProject
Project("{9A19103F-16F7-4668-BE54-9A1E7A4F7556}") = "CS_Linq", "CS_Linq\CS_Linq.csproj", "{55204379-CF5B-45C0-9F67-0875C0601CBA}"
EndProject
Project("{9A19103F-16F7-4668-BE54-9A1E7A4F7556}") = "CS_Serialization", "CS_Serialization\CS_Serialization.csproj", "{8DCDECD1-6238-43F7-9321-9A5CD8EA2BA3}"
EndProject
Project("{9A19103F-16F7-4668-BE54-9A1E7A4F7556}") = "CS_FirstFile", "CS_FirstFile\CS_FirstFile.csproj", "{90ED1B1F-52F6-4765-B884-7BCDA53C1A7D}"
EndProject
Project("{9A19103F-16F7-4668-BE54-9A1E7A4F7556}") = "CS_FileOperations", "CS_FileOperations\CS_FileOperations.csproj", "{13CF8E6D-9CC2-49BC-874D-636371ED913B}"
EndProject
Project("{9A19103F-16F7-4668-BE54-9A1E7A4F7556}") = "CS_Stream", "CS_Stream\CS_Stream.csproj", "{AED53BEC-D5AA-483D-A003-C399F7E01C75}"
EndProject
Project("{9A19103F-16F7-4668-BE54-9A1E7A4F7556}") = "CS_Assignment", "CS_Assignment\CS_Assignment.csproj", "{E4A759F9-72B2-451C-9CB7-5D9919D3AB59}"
EndProject
Project("{9A19103F-16F7-4668-BE54-9A1E7A4F7556}") = "CS_Diff", "CS_Diff\CS_Diff.csproj", "{713D7EAF-F386-4864-A0A3-11F3E2FD5115}"
EndProject
Project("{9A19103F-16F7-4668-BE54-9A1E7A4F7556}") = "ConsoleApp9", "ConsoleApp9\ConsoleApp9.csproj", "{E4D14FAC-A158-4DFA-B8FF-3B61B99E8249}"
EndProject
Project("{FAE04EC0-301F-11D3-BF4B-00C04F79EFBC}") = "Linq_Practice", "Linq_Practice\Linq_Practice.csproj", "{A7086717-03F6-4192-82C7-8B247A8904E8}"
EndProject
Global
	GlobalSection(SolutionConfigurationPlatforms) = preSolution
		Debug|Any CPU = Debug|Any CPU
		Release|Any CPU = Release|Any CPU
	EndGlobalSection
	GlobalSection(ProjectConfigurationPlatforms) = postSolution
		{744CCF5A-2315-4945-AA69-46863AA47043}.Debug|Any CPU.ActiveCfg = Debug|Any CPU
		{744CCF5A-2315-4945-AA69-46863AA47043}.Debug|Any CPU.Build.0 = Debug|Any CPU
		{744CCF5A-2315-4945-AA69-46863AA47043}.Release|Any CPU.ActiveCfg = Release|Any CPU
		{744CCF5A-2315-4945-AA69-46863AA47043}.Release|Any CPU.Build.0 = Release|Any CPU
		{70AC95B7-40B9-414F-86F5-9F304BDA08CD}.Debug|Any CPU.ActiveCfg = Debug|Any CPU
		{70AC95B7-40B9-414F-86F5-9F304BDA08CD}.Debug|Any CPU.Build.0 = Debug|Any CPU
		{70AC95B7-40B9-414F-86F5-9F304BDA08CD}.Release|Any CPU.ActiveCfg = Release|Any CPU
		{70AC95B7-40B9-414F-86F5-9F304BDA08CD}.Release|Any CPU.Build.0 = Release|Any CPU
		{AFAE8485-D806-4ACA-9D96-B71F2B08E0B7}.Debug|Any CPU.ActiveCfg = Debug|Any CPU
		{AFAE8485-D806-4ACA-9D96-B71F2B08E0B7}.Debug|Any CPU.Build.0 = Debug|Any CPU
		{AFAE8485-D806-4ACA-9D96-B71F2B08E0B7}.Release|Any CPU.ActiveCfg = Release|Any CPU
		{AFAE8485-D806-4ACA-9D96-B71F2B08E0B7}.Release|Any CPU.Build.0 = Release|Any CPU
		{1B84BC5F-CF8D-4B7D-9D9A-E5F72FAC5A52}.Debug|Any CPU.ActiveCfg = Debug|Any CPU
		{1B84BC5F-CF8D-4B7D-9D9A-E5F72FAC5A52}.Debug|Any CPU.Build.0 = Debug|Any CPU
		{1B84BC5F-CF8D-4B7D-9D9A-E5F72FAC5A52}.Release|Any CPU.ActiveCfg = Release|Any CPU
		{1B84BC5F-CF8D-4B7D-9D9A-E5F72FAC5A52}.Release|Any CPU.Build.0 = Release|Any CPU
		{A5C1D457-05E9-46CA-9E87-F256582DB310}.Debug|Any CPU.ActiveCfg = Debug|Any CPU
		{A5C1D457-05E9-46CA-9E87-F256582DB310}.Debug|Any CPU.Build.0 = Debug|Any CPU
		{A5C1D457-05E9-46CA-9E87-F256582DB310}.Release|Any CPU.ActiveCfg = Release|Any CPU
		{A5C1D457-05E9-46CA-9E87-F256582DB310}.Release|Any CPU.Build.0 = Release|Any CPU
		{C4A0E605-1BF1-4596-BDA9-648C95D71518}.Debug|Any CPU.ActiveCfg = Debug|Any CPU
		{C4A0E605-1BF1-4596-BDA9-648C95D71518}.Debug|Any CPU.Build.0 = Debug|Any CPU
		{C4A0E605-1BF1-4596-BDA9-648C95D71518}.Release|Any CPU.ActiveCfg = Release|Any CPU
		{C4A0E605-1BF1-4596-BDA9-648C95D71518}.Release|Any CPU.Build.0 = Release|Any CPU
		{ECF6FA70-2E15-4757-989B-50C872E7AA39}.Debug|Any CPU.ActiveCfg = Debug|Any CPU
		{ECF6FA70-2E15-4757-989B-50C872E7AA39}.Debug|Any CPU.Build.0 = Debug|Any CPU
		{ECF6FA70-2E15-4757-989B-50C872E7AA39}.Release|Any CPU.ActiveCfg = Release|Any CPU
		{ECF6FA70-2E15-4757-989B-50C872E7AA39}.Release|Any CPU.Build.0 = Release|Any CPU
		{C870368C-85A2-4CC1-9959-7C4700DC895B}.Debug|Any CPU.ActiveCfg = Debug|Any CPU
		{C870368C-85A2-4CC1-9959-7C4700DC895B}.Debug|Any CPU.Build.0 = Debug|Any CPU
		{C870368C-85A2-4CC1-9959-7C4700DC895B}.Release|Any CPU.ActiveCfg = Release|Any CPU
		{C870368C-85A2-4CC1-9959-7C4700DC895B}.Release|Any CPU.Build.0 = Release|Any CPU
		{B9DA3CE4-57B8-4CC0-B6D9-9ECC9BC7E1DB}.Debug|Any CPU.ActiveCfg = Debug|Any CPU
		{B9DA3CE4-57B8-4CC0-B6D9-9ECC9BC7E1DB}.Debug|Any CPU.Build.0 = Debug|Any CPU
		{B9DA3CE4-57B8-4CC0-B6D9-9ECC9BC7E1DB}.Release|Any CPU.ActiveCfg = Release|Any CPU
		{B9DA3CE4-57B8-4CC0-B6D9-9ECC9BC7E1DB}.Release|Any CPU.Build.0 = Release|Any CPU
		{EFCF7AFB-18DB-40EC-8F77-5663850E89C2}.Debug|Any CPU.ActiveCfg = Debug|Any CPU
		{EFCF7AFB-18DB-40EC-8F77-5663850E89C2}.Debug|Any CPU.Build.0 = Debug|Any CPU
		{EFCF7AFB-18DB-40EC-8F77-5663850E89C2}.Release|Any CPU.ActiveCfg = Release|Any CPU
		{EFCF7AFB-18DB-40EC-8F77-5663850E89C2}.Release|Any CPU.Build.0 = Release|Any CPU
		{DA3863DB-23AD-43B1-BBE9-D68ACA272F2B}.Debug|Any CPU.ActiveCfg = Debug|Any CPU
		{DA3863DB-23AD-43B1-BBE9-D68ACA272F2B}.Debug|Any CPU.Build.0 = Debug|Any CPU
		{DA3863DB-23AD-43B1-BBE9-D68ACA272F2B}.Release|Any CPU.ActiveCfg = Release|Any CPU
		{DA3863DB-23AD-43B1-BBE9-D68ACA272F2B}.Release|Any CPU.Build.0 = Release|Any CPU
		{52E080F0-FED7-44CE-A02C-C6B26C12491E}.Debug|Any CPU.ActiveCfg = Debug|Any CPU
		{52E080F0-FED7-44CE-A02C-C6B26C12491E}.Debug|Any CPU.Build.0 = Debug|Any CPU
		{52E080F0-FED7-44CE-A02C-C6B26C12491E}.Release|Any CPU.ActiveCfg = Release|Any CPU
		{52E080F0-FED7-44CE-A02C-C6B26C12491E}.Release|Any CPU.Build.0 = Release|Any CPU
		{3CBA57A7-7B44-4C42-8AD7-DAC55ABF3556}.Debug|Any CPU.ActiveCfg = Debug|Any CPU
		{3CBA57A7-7B44-4C42-8AD7-DAC55ABF3556}.Debug|Any CPU.Build.0 = Debug|Any CPU
		{3CBA57A7-7B44-4C42-8AD7-DAC55ABF3556}.Release|Any CPU.ActiveCfg = Release|Any CPU
		{3CBA57A7-7B44-4C42-8AD7-DAC55ABF3556}.Release|Any CPU.Build.0 = Release|Any CPU
		{A1DECEC3-13A1-46A5-B378-F50A07C62A81}.Debug|Any CPU.ActiveCfg = Debug|Any CPU
		{A1DECEC3-13A1-46A5-B378-F50A07C62A81}.Debug|Any CPU.Build.0 = Debug|Any CPU
		{A1DECEC3-13A1-46A5-B378-F50A07C62A81}.Release|Any CPU.ActiveCfg = Release|Any CPU
		{A1DECEC3-13A1-46A5-B378-F50A07C62A81}.Release|Any CPU.Build.0 = Release|Any CPU
		{3A6DB80E-FD4B-4ED8-9534-3CEC5030A722}.Debug|Any CPU.ActiveCfg = Debug|Any CPU
		{3A6DB80E-FD4B-4ED8-9534-3CEC5030A722}.Debug|Any CPU.Build.0 = Debug|Any CPU
		{3A6DB80E-FD4B-4ED8-9534-3CEC5030A722}.Release|Any CPU.ActiveCfg = Release|Any CPU
		{3A6DB80E-FD4B-4ED8-9534-3CEC5030A722}.Release|Any CPU.Build.0 = Release|Any CPU
		{85E7A3DC-F1A3-47D6-A459-6AA0A0FBFEC0}.Debug|Any CPU.ActiveCfg = Debug|Any CPU
		{85E7A3DC-F1A3-47D6-A459-6AA0A0FBFEC0}.Debug|Any CPU.Build.0 = Debug|Any CPU
		{85E7A3DC-F1A3-47D6-A459-6AA0A0FBFEC0}.Release|Any CPU.ActiveCfg = Release|Any CPU
		{85E7A3DC-F1A3-47D6-A459-6AA0A0FBFEC0}.Release|Any CPU.Build.0 = Release|Any CPU
		{55204379-CF5B-45C0-9F67-0875C0601CBA}.Debug|Any CPU.ActiveCfg = Debug|Any CPU
		{55204379-CF5B-45C0-9F67-0875C0601CBA}.Debug|Any CPU.Build.0 = Debug|Any CPU
		{55204379-CF5B-45C0-9F67-0875C0601CBA}.Release|Any CPU.ActiveCfg = Release|Any CPU
		{55204379-CF5B-45C0-9F67-0875C0601CBA}.Release|Any CPU.Build.0 = Release|Any CPU
		{8DCDECD1-6238-43F7-9321-9A5CD8EA2BA3}.Debug|Any CPU.ActiveCfg = Debug|Any CPU
		{8DCDECD1-6238-43F7-9321-9A5CD8EA2BA3}.Debug|Any CPU.Build.0 = Debug|Any CPU
		{8DCDECD1-6238-43F7-9321-9A5CD8EA2BA3}.Release|Any CPU.ActiveCfg = Release|Any CPU
		{8DCDECD1-6238-43F7-9321-9A5CD8EA2BA3}.Release|Any CPU.Build.0 = Release|Any CPU
		{90ED1B1F-52F6-4765-B884-7BCDA53C1A7D}.Debug|Any CPU.ActiveCfg = Debug|Any CPU
		{90ED1B1F-52F6-4765-B884-7BCDA53C1A7D}.Debug|Any CPU.Build.0 = Debug|Any CPU
		{90ED1B1F-52F6-4765-B884-7BCDA53C1A7D}.Release|Any CPU.ActiveCfg = Release|Any CPU
		{90ED1B1F-52F6-4765-B884-7BCDA53C1A7D}.Release|Any CPU.Build.0 = Release|Any CPU
		{13CF8E6D-9CC2-49BC-874D-636371ED913B}.Debug|Any CPU.ActiveCfg = Debug|Any CPU
		{13CF8E6D-9CC2-49BC-874D-636371ED913B}.Debug|Any CPU.Build.0 = Debug|Any CPU
		{13CF8E6D-9CC2-49BC-874D-636371ED913B}.Release|Any CPU.ActiveCfg = Release|Any CPU
		{13CF8E6D-9CC2-49BC-874D-636371ED913B}.Release|Any CPU.Build.0 = Release|Any CPU
		{AED53BEC-D5AA-483D-A003-C399F7E01C75}.Debug|Any CPU.ActiveCfg = Debug|Any CPU
		{AED53BEC-D5AA-483D-A003-C399F7E01C75}.Debug|Any CPU.Build.0 = Debug|Any CPU
		{AED53BEC-D5AA-483D-A003-C399F7E01C75}.Release|Any CPU.ActiveCfg = Release|Any CPU
		{AED53BEC-D5AA-483D-A003-C399F7E01C75}.Release|Any CPU.Build.0 = Release|Any CPU
		{E4A759F9-72B2-451C-9CB7-5D9919D3AB59}.Debug|Any CPU.ActiveCfg = Debug|Any CPU
		{E4A759F9-72B2-451C-9CB7-5D9919D3AB59}.Debug|Any CPU.Build.0 = Debug|Any CPU
		{E4A759F9-72B2-451C-9CB7-5D9919D3AB59}.Release|Any CPU.ActiveCfg = Release|Any CPU
		{E4A759F9-72B2-451C-9CB7-5D9919D3AB59}.Release|Any CPU.Build.0 = Release|Any CPU
		{713D7EAF-F386-4864-A0A3-11F3E2FD5115}.Debug|Any CPU.ActiveCfg = Debug|Any CPU
		{713D7EAF-F386-4864-A0A3-11F3E2FD5115}.Debug|Any CPU.Build.0 = Debug|Any CPU
		{713D7EAF-F386-4864-A0A3-11F3E2FD5115}.Release|Any CPU.ActiveCfg = Release|Any CPU
		{713D7EAF-F386-4864-A0A3-11F3E2FD5115}.Release|Any CPU.Build.0 = Release|Any CPU
		{E4D14FAC-A158-4DFA-B8FF-3B61B99E8249}.Debug|Any CPU.ActiveCfg = Debug|Any CPU
		{E4D14FAC-A158-4DFA-B8FF-3B61B99E8249}.Debug|Any CPU.Build.0 = Debug|Any CPU
		{E4D14FAC-A158-4DFA-B8FF-3B61B99E8249}.Release|Any CPU.ActiveCfg = Release|Any CPU
		{E4D14FAC-A158-4DFA-B8FF-3B61B99E8249}.Release|Any CPU.Build.0 = Release|Any CPU
		{A7086717-03F6-4192-82C7-8B247A8904E8}.Debug|Any CPU.ActiveCfg = Debug|Any CPU
		{A7086717-03F6-4192-82C7-8B247A8904E8}.Debug|Any CPU.Build.0 = Debug|Any CPU
		{A7086717-03F6-4192-82C7-8B247A8904E8}.Release|Any CPU.ActiveCfg = Release|Any CPU
		{A7086717-03F6-4192-82C7-8B247A8904E8}.Release|Any CPU.Build.0 = Release|Any CPU
	EndGlobalSection
	GlobalSection(SolutionProperties) = preSolution
		HideSolutionNode = FALSE
	EndGlobalSection
	GlobalSection(NestedProjects) = preSolution
		{AFAE8485-D806-4ACA-9D96-B71F2B08E0B7} = {7924B0A5-CA6B-440A-A0FB-7C7A84D8C8E3}
		{B9DA3CE4-57B8-4CC0-B6D9-9ECC9BC7E1DB} = {7924B0A5-CA6B-440A-A0FB-7C7A84D8C8E3}
		{DA3863DB-23AD-43B1-BBE9-D68ACA272F2B} = {7924B0A5-CA6B-440A-A0FB-7C7A84D8C8E3}
	EndGlobalSection
	GlobalSection(ExtensibilityGlobals) = postSolution
		SolutionGuid = {4AD946A7-9915-4FFA-A76D-A4F7D03B43FE}
	EndGlobalSection
EndGlobal
